
Microsoft Visual Studio Solution File, Format Version 12.00
# Visual Studio Version 16
VisualStudioVersion = 16.0.30523.141
MinimumVisualStudioVersion = 10.0.40219.1
Project("{9A19103F-16F7-4668-BE54-9A1E7A4F7556}") = "AreaOfCircle", "AreaOfCircle\AreaOfCircle.csproj", "{F97FF0DA-FED0-4319-B0F4-8DF4F624DD3B}"
EndProject
Project("{9A19103F-16F7-4668-BE54-9A1E7A4F7556}") = "CountingCharacters", "CountingCharacters\CountingCharacters.csproj", "{9D82FC44-4994-4A98-A1FD-95CB203D0CE6}"
EndProject
Project("{9A19103F-16F7-4668-BE54-9A1E7A4F7556}") = "RestaurantMenu", "RestaurantMenu\RestaurantMenu.csproj", "{F9B80C4A-4B2E-4B75-B15F-4AAE483E6CC0}"
EndProject
Project("{FAE04EC0-301F-11D3-BF4B-00C04F79EFBC}") = "Quiz", "Quiz\Quiz.csproj", "{CF8D8861-BBF3-4B08-B77B-1549EEA72721}"
EndProject
Global
	GlobalSection(SolutionConfigurationPlatforms) = preSolution
		Debug|Any CPU = Debug|Any CPU
		Release|Any CPU = Release|Any CPU
	EndGlobalSection
	GlobalSection(ProjectConfigurationPlatforms) = postSolution
		{F97FF0DA-FED0-4319-B0F4-8DF4F624DD3B}.Debug|Any CPU.ActiveCfg = Debug|Any CPU
		{F97FF0DA-FED0-4319-B0F4-8DF4F624DD3B}.Debug|Any CPU.Build.0 = Debug|Any CPU
		{F97FF0DA-FED0-4319-B0F4-8DF4F624DD3B}.Release|Any CPU.ActiveCfg = Release|Any CPU
		{F97FF0DA-FED0-4319-B0F4-8DF4F624DD3B}.Release|Any CPU.Build.0 = Release|Any CPU
		{9D82FC44-4994-4A98-A1FD-95CB203D0CE6}.Debug|Any CPU.ActiveCfg = Debug|Any CPU
		{9D82FC44-4994-4A98-A1FD-95CB203D0CE6}.Debug|Any CPU.Build.0 = Debug|Any CPU
		{9D82FC44-4994-4A98-A1FD-95CB203D0CE6}.Release|Any CPU.ActiveCfg = Release|Any CPU
		{9D82FC44-4994-4A98-A1FD-95CB203D0CE6}.Release|Any CPU.Build.0 = Release|Any CPU
		{F9B80C4A-4B2E-4B75-B15F-4AAE483E6CC0}.Debug|Any CPU.ActiveCfg = Debug|Any CPU
		{F9B80C4A-4B2E-4B75-B15F-4AAE483E6CC0}.Debug|Any CPU.Build.0 = Debug|Any CPU
		{F9B80C4A-4B2E-4B75-B15F-4AAE483E6CC0}.Release|Any CPU.ActiveCfg = Release|Any CPU
		{F9B80C4A-4B2E-4B75-B15F-4AAE483E6CC0}.Release|Any CPU.Build.0 = Release|Any CPU
		{CF8D8861-BBF3-4B08-B77B-1549EEA72721}.Debug|Any CPU.ActiveCfg = Debug|Any CPU
		{CF8D8861-BBF3-4B08-B77B-1549EEA72721}.Debug|Any CPU.Build.0 = Debug|Any CPU
		{CF8D8861-BBF3-4B08-B77B-1549EEA72721}.Release|Any CPU.ActiveCfg = Release|Any CPU
		{CF8D8861-BBF3-4B08-B77B-1549EEA72721}.Release|Any CPU.Build.0 = Release|Any CPU
	EndGlobalSection
	GlobalSection(SolutionProperties) = preSolution
		HideSolutionNode = FALSE
	EndGlobalSection
	GlobalSection(ExtensibilityGlobals) = postSolution
		SolutionGuid = {2EDDEC4F-0A0C-4CE3-9C8B-662C338F6A29}
	EndGlobalSection
EndGlobal
